
Microsoft Visual Studio Solution File, Format Version 12.00
# Visual Studio 15
VisualStudioVersion = 15.0.26430.13
MinimumVisualStudioVersion = 10.0.40219.1
Project("{FAE04EC0-301F-11D3-BF4B-00C04F79EFBC}") = "Celler.Api", "Celler.Api\Celler.Api.csproj", "{EBDD4B89-CFCA-4F84-85FF-1E019BDD1617}"
EndProject
Project("{FAE04EC0-301F-11D3-BF4B-00C04F79EFBC}") = "Celler.Infraestrutura", "Celler.Infraestrutura\Celler.Infraestrutura.csproj", "{24EF2311-C108-40FD-A6D6-D52214606A43}"
EndProject
Project("{FAE04EC0-301F-11D3-BF4B-00C04F79EFBC}") = "Celler.Dominio", "Celler.Dominio\Celler.Dominio.csproj", "{30E1A3C5-92B7-4545-B384-327786EB10DB}"
EndProject
Project("{FAE04EC0-301F-11D3-BF4B-00C04F79EFBC}") = "Celler.Tests", "Celler.Tests\Celler.Tests.csproj", "{2E401BD7-FC96-40B8-93DC-ACF370A7439E}"
EndProject
Global
	GlobalSection(SolutionConfigurationPlatforms) = preSolution
		Debug|Any CPU = Debug|Any CPU
		Release|Any CPU = Release|Any CPU
	EndGlobalSection
	GlobalSection(ProjectConfigurationPlatforms) = postSolution
		{EBDD4B89-CFCA-4F84-85FF-1E019BDD1617}.Debug|Any CPU.ActiveCfg = Debug|Any CPU
		{EBDD4B89-CFCA-4F84-85FF-1E019BDD1617}.Debug|Any CPU.Build.0 = Debug|Any CPU
		{EBDD4B89-CFCA-4F84-85FF-1E019BDD1617}.Release|Any CPU.ActiveCfg = Release|Any CPU
		{EBDD4B89-CFCA-4F84-85FF-1E019BDD1617}.Release|Any CPU.Build.0 = Release|Any CPU
		{24EF2311-C108-40FD-A6D6-D52214606A43}.Debug|Any CPU.ActiveCfg = Debug|Any CPU
		{24EF2311-C108-40FD-A6D6-D52214606A43}.Debug|Any CPU.Build.0 = Debug|Any CPU
		{24EF2311-C108-40FD-A6D6-D52214606A43}.Release|Any CPU.ActiveCfg = Release|Any CPU
		{24EF2311-C108-40FD-A6D6-D52214606A43}.Release|Any CPU.Build.0 = Release|Any CPU
		{30E1A3C5-92B7-4545-B384-327786EB10DB}.Debug|Any CPU.ActiveCfg = Debug|Any CPU
		{30E1A3C5-92B7-4545-B384-327786EB10DB}.Debug|Any CPU.Build.0 = Debug|Any CPU
		{30E1A3C5-92B7-4545-B384-327786EB10DB}.Release|Any CPU.ActiveCfg = Release|Any CPU
		{30E1A3C5-92B7-4545-B384-327786EB10DB}.Release|Any CPU.Build.0 = Release|Any CPU
		{2E401BD7-FC96-40B8-93DC-ACF370A7439E}.Debug|Any CPU.ActiveCfg = Debug|Any CPU
		{2E401BD7-FC96-40B8-93DC-ACF370A7439E}.Debug|Any CPU.Build.0 = Debug|Any CPU
		{2E401BD7-FC96-40B8-93DC-ACF370A7439E}.Release|Any CPU.ActiveCfg = Release|Any CPU
		{2E401BD7-FC96-40B8-93DC-ACF370A7439E}.Release|Any CPU.Build.0 = Release|Any CPU
	EndGlobalSection
	GlobalSection(SolutionProperties) = preSolution
		HideSolutionNode = FALSE
	EndGlobalSection
EndGlobal
